
Microsoft Visual Studio Solution File, Format Version 12.00
# Visual Studio Version 16
VisualStudioVersion = 16.0.31729.503
MinimumVisualStudioVersion = 10.0.40219.1
Project("{9A19103F-16F7-4668-BE54-9A1E7A4F7556}") = "PracticeDesignPatternBehavior", "PracticeDesignPatternBehavior\PracticeDesignPatternBehavior.csproj", "{E6561E78-6272-45E2-BB54-7FAA5CAAB422}"
EndProject
Project("{FAE04EC0-301F-11D3-BF4B-00C04F79EFBC}") = "ControlTowerTest", "ControlTowerTest\ControlTowerTest.csproj", "{EA1DECA8-1AC2-44B5-AB16-1D48EFA726EB}"
EndProject
Project("{FAE04EC0-301F-11D3-BF4B-00C04F79EFBC}") = "PrivateJetTest", "PrivateJetTest\PrivateJetTest.csproj", "{AEFEB1ED-E75D-4FFF-AF35-9B605858DF37}"
EndProject
Project("{FAE04EC0-301F-11D3-BF4B-00C04F79EFBC}") = "HelicopterTest", "HelicopterTest\HelicopterTest.csproj", "{FDEF2B4C-9F82-486A-88E7-F9B5367FFF2D}"
EndProject
Project("{FAE04EC0-301F-11D3-BF4B-00C04F79EFBC}") = "PassangerAirlanerTest", "PassangerAirlanerTest\PassangerAirlanerTest.csproj", "{82D666AA-0EB3-4541-92EE-AC869C25576D}"
EndProject
Global
	GlobalSection(SolutionConfigurationPlatforms) = preSolution
		Debug|Any CPU = Debug|Any CPU
		Release|Any CPU = Release|Any CPU
	EndGlobalSection
	GlobalSection(ProjectConfigurationPlatforms) = postSolution
		{E6561E78-6272-45E2-BB54-7FAA5CAAB422}.Debug|Any CPU.ActiveCfg = Debug|Any CPU
		{E6561E78-6272-45E2-BB54-7FAA5CAAB422}.Debug|Any CPU.Build.0 = Debug|Any CPU
		{E6561E78-6272-45E2-BB54-7FAA5CAAB422}.Release|Any CPU.ActiveCfg = Release|Any CPU
		{E6561E78-6272-45E2-BB54-7FAA5CAAB422}.Release|Any CPU.Build.0 = Release|Any CPU
		{EA1DECA8-1AC2-44B5-AB16-1D48EFA726EB}.Debug|Any CPU.ActiveCfg = Debug|Any CPU
		{EA1DECA8-1AC2-44B5-AB16-1D48EFA726EB}.Debug|Any CPU.Build.0 = Debug|Any CPU
		{EA1DECA8-1AC2-44B5-AB16-1D48EFA726EB}.Release|Any CPU.ActiveCfg = Release|Any CPU
		{EA1DECA8-1AC2-44B5-AB16-1D48EFA726EB}.Release|Any CPU.Build.0 = Release|Any CPU
		{AEFEB1ED-E75D-4FFF-AF35-9B605858DF37}.Debug|Any CPU.ActiveCfg = Debug|Any CPU
		{AEFEB1ED-E75D-4FFF-AF35-9B605858DF37}.Debug|Any CPU.Build.0 = Debug|Any CPU
		{AEFEB1ED-E75D-4FFF-AF35-9B605858DF37}.Release|Any CPU.ActiveCfg = Release|Any CPU
		{AEFEB1ED-E75D-4FFF-AF35-9B605858DF37}.Release|Any CPU.Build.0 = Release|Any CPU
		{FDEF2B4C-9F82-486A-88E7-F9B5367FFF2D}.Debug|Any CPU.ActiveCfg = Debug|Any CPU
		{FDEF2B4C-9F82-486A-88E7-F9B5367FFF2D}.Debug|Any CPU.Build.0 = Debug|Any CPU
		{FDEF2B4C-9F82-486A-88E7-F9B5367FFF2D}.Release|Any CPU.ActiveCfg = Release|Any CPU
		{FDEF2B4C-9F82-486A-88E7-F9B5367FFF2D}.Release|Any CPU.Build.0 = Release|Any CPU
		{82D666AA-0EB3-4541-92EE-AC869C25576D}.Debug|Any CPU.ActiveCfg = Debug|Any CPU
		{82D666AA-0EB3-4541-92EE-AC869C25576D}.Debug|Any CPU.Build.0 = Debug|Any CPU
		{82D666AA-0EB3-4541-92EE-AC869C25576D}.Release|Any CPU.ActiveCfg = Release|Any CPU
		{82D666AA-0EB3-4541-92EE-AC869C25576D}.Release|Any CPU.Build.0 = Release|Any CPU
	EndGlobalSection
	GlobalSection(SolutionProperties) = preSolution
		HideSolutionNode = FALSE
	EndGlobalSection
	GlobalSection(ExtensibilityGlobals) = postSolution
		SolutionGuid = {226B417A-BFA1-4EA9-B65B-1FE59516E812}
	EndGlobalSection
EndGlobal
